PODS:
  - Alamofire (5.2.2)
  - Swinject (2.7.1)

DEPENDENCIES:
  - Alamofire (~> 5.2)
  - Swinject (~> 2.7)

SPEC REPOS:
  trunk:
    - Alamofire
    - Swinject

SPEC CHECKSUMS:
  Alamofire: 814429acc853c6c54ff123fc3d2ef66803823ce0
  Swinject: ddf78b8486dd9b71a667b852cad919ab4484478e

PODFILE CHECKSUM: 4238cf1e27726e0ecc968c7c5ded3fa96b664657

COCOAPODS: 1.9.3
