{
  "object": {
    "pins": [
      {
        "package": "GridStack",
        "repositoryURL": "https://github.com/pietropizzi/GridStack.git",
        "state": {
          "branch": null,
          "revision": "32beadda5eacbb05f4d5195df3b049d5e040f5db",
          "version": "0.4.1"
        }
      },
      {
        "package": "Kingfisher",
        "repositoryURL": "https://github.com/onevcat/Kingfisher.git",
        "state": {
          "branch": null,
          "revision": "175eeb4618b0a6ef4d69a7409b6a74ddd235a093",
          "version": "5.15.0"
        }
      },
      {
        "package": "Grid",
        "repositoryURL": "https://github.com/swift-extensions/swiftui-grid.git",
        "state": {
          "branch": null,
          "revision": "a3441f80bd01029507bc19e463e7c7208ffcf3f9",
          "version": "1.0.4"
        }
      },
      {
        "package": "WaterfallGrid",
        "repositoryURL": "https://github.com/paololeonardi/WaterfallGrid.git",
        "state": {
          "branch": null,
          "revision": "67bb0263a45357651608faafcd51fe39cfd3cf30",
          "version": "0.4.0"
        }
      }
    ]
  },
  "version": 1
}
