// !$*UTF8*$!
{
	archiveVersion = 1;
	classes = {
	};
	objectVersion = 55;
	objects = {

/* Begin PBXBuildFile section */
		1880E9A4D5ABEAB3E5E7CDB5 /* Preview Assets.xcassets in Resources */ = {isa = PBXBuildFile; fileRef = 8FB49DBED344CF960083C629 /* Preview Assets.xcassets */; };
		42E99D2DD6F521415FD2F599 /* TuistBundle+FiestonVirtual.swift in Sources */ = {isa = PBXBuildFile; fileRef = B3FB9449C32C2AEDC8115FD8 /* TuistBundle+FiestonVirtual.swift */; };
		962CA892FCCBB62C93AC97BC /* Assets.xcassets in Resources */ = {isa = PBXBuildFile; fileRef = F72426F5EC9C6956B9AA973D /* Assets.xcassets */; };
		E46DEF441B94572BC2BA790F /* FiestonVirtualTests.swift in Sources */ = {isa = PBXBuildFile; fileRef = D388F717494283C5F186ADA7 /* FiestonVirtualTests.swift */; };
		E68F9FFA80E559C2202C2A65 /* FiestonVirtualUITests.swift in Sources */ = {isa = PBXBuildFile; fileRef = 0670298D49994D77EE06429A /* FiestonVirtualUITests.swift */; };
		FCD41F0E7B4E79EADB7C6228 /* TuistAssets+FiestonVirtual.swift in Sources */ = {isa = PBXBuildFile; fileRef = F81D1B8120B08D16192A4B50 /* TuistAssets+FiestonVirtual.swift */; };
/* End PBXBuildFile section */

/* Begin PBXCopyFilesBuildPhase section */
		345277F2E8BCE3BC6B9A435E /* Embed Frameworks */ = {
			isa = PBXCopyFilesBuildPhase;
			buildActionMask = 2147483647;
			dstPath = "";
			dstSubfolderSpec = 10;
			files = (
			);
			name = "Embed Frameworks";
			runOnlyForDeploymentPostprocessing = 0;
		};
		5B7C45E5065AA6BAFB2E8751 /* Embed Frameworks */ = {
			isa = PBXCopyFilesBuildPhase;
			buildActionMask = 2147483647;
			dstPath = "";
			dstSubfolderSpec = 10;
			files = (
			);
			name = "Embed Frameworks";
			runOnlyForDeploymentPostprocessing = 0;
		};
		630AF14198742CA2BB6D48AC /* Embed Frameworks */ = {
			isa = PBXCopyFilesBuildPhase;
			buildActionMask = 2147483647;
			dstPath = "";
			dstSubfolderSpec = 10;
			files = (
			);
			name = "Embed Frameworks";
			runOnlyForDeploymentPostprocessing = 0;
		};
/* End PBXCopyFilesBuildPhase section */

/* Begin PBXFileReference section */
		0670298D49994D77EE06429A /* FiestonVirtualUITests.swift */ = {isa = PBXFileReference; lastKnownFileType = sourcecode.swift; path = FiestonVirtualUITests.swift; sourceTree = "<group>"; };
		0BF60344AA0FF23E0E7F1A7C /* FiestonVirtualUITests.xctest */ = {isa = PBXFileReference; explicitFileType = wrapper.cfbundle; includeInIndex = 0; path = FiestonVirtualUITests.xctest; sourceTree = BUILT_PRODUCTS_DIR; };
		2B9A835A50B482FCD5626953 /* FiestonVirtual.app */ = {isa = PBXFileReference; explicitFileType = wrapper.application; includeInIndex = 0; path = FiestonVirtual.app; sourceTree = BUILT_PRODUCTS_DIR; };
		4C6A9B9FE4B04D7561BAF288 /* FiestonVirtualUITests-Info.plist */ = {isa = PBXFileReference; lastKnownFileType = text.plist; path = "FiestonVirtualUITests-Info.plist"; sourceTree = "<group>"; };
		557E7D08ADD6F7F25954066C /* FiestonVirtualTests-Info.plist */ = {isa = PBXFileReference; lastKnownFileType = text.plist; path = "FiestonVirtualTests-Info.plist"; sourceTree = "<group>"; };
		8FB49DBED344CF960083C629 /* Preview Assets.xcassets */ = {isa = PBXFileReference; lastKnownFileType = folder.assetcatalog; path = "Preview Assets.xcassets"; sourceTree = "<group>"; };
		B3FB9449C32C2AEDC8115FD8 /* TuistBundle+FiestonVirtual.swift */ = {isa = PBXFileReference; lastKnownFileType = sourcecode.swift; path = "TuistBundle+FiestonVirtual.swift"; sourceTree = "<group>"; };
		C387A2095518D24F22409F15 /* FiestonVirtual.entitlements */ = {isa = PBXFileReference; lastKnownFileType = text.plist.entitlements; path = FiestonVirtual.entitlements; sourceTree = "<group>"; };
		CB8807EA04BC128C34E91320 /* FiestonVirtualTests.xctest */ = {isa = PBXFileReference; explicitFileType = wrapper.cfbundle; includeInIndex = 0; path = FiestonVirtualTests.xctest; sourceTree = BUILT_PRODUCTS_DIR; };
		D388F717494283C5F186ADA7 /* FiestonVirtualTests.swift */ = {isa = PBXFileReference; lastKnownFileType = sourcecode.swift; path = FiestonVirtualTests.swift; sourceTree = "<group>"; };
		E81FC86620856205176C7045 /* Info.plist */ = {isa = PBXFileReference; lastKnownFileType = text.plist; path = Info.plist; sourceTree = "<group>"; };
		F72426F5EC9C6956B9AA973D /* Assets.xcassets */ = {isa = PBXFileReference; lastKnownFileType = folder.assetcatalog; path = Assets.xcassets; sourceTree = "<group>"; };
		F81D1B8120B08D16192A4B50 /* TuistAssets+FiestonVirtual.swift */ = {isa = PBXFileReference; lastKnownFileType = sourcecode.swift; path = "TuistAssets+FiestonVirtual.swift"; sourceTree = "<group>"; };
/* End PBXFileReference section */

/* Begin PBXFrameworksBuildPhase section */
		29BFD041A891F4DAC4542E4D /* Frameworks */ = {
			isa = PBXFrameworksBuildPhase;
			buildActionMask = 2147483647;
			files = (
			);
			runOnlyForDeploymentPostprocessing = 0;
		};
		69CEBFE0FEB84CEA25ADE9C9 /* Frameworks */ = {
			isa = PBXFrameworksBuildPhase;
			buildActionMask = 2147483647;
			files = (
			);
			runOnlyForDeploymentPostprocessing = 0;
		};
		BE986F141F5BC5E2A1F3816A /* Frameworks */ = {
			isa = PBXFrameworksBuildPhase;
			buildActionMask = 2147483647;
			files = (
			);
			runOnlyForDeploymentPostprocessing = 0;
		};
/* End PBXFrameworksBuildPhase section */

/* Begin PBXGroup section */
		0A58A8DA74443A491E9A4AF6 /* Sources */ = {
			isa = PBXGroup;
			children = (
				F81D1B8120B08D16192A4B50 /* TuistAssets+FiestonVirtual.swift */,
				B3FB9449C32C2AEDC8115FD8 /* TuistBundle+FiestonVirtual.swift */,
			);
			path = Sources;
			sourceTree = "<group>";
		};
		0CACA12FED2CC3FCDB9E1319 /* Derived */ = {
			isa = PBXGroup;
			children = (
				B274DF3B772DDAD59635D841 /* InfoPlists */,
				0A58A8DA74443A491E9A4AF6 /* Sources */,
			);
			path = Derived;
			sourceTree = "<group>";
		};
		254B7AF5D429806787CEE0C4 /* FiestonVirtualTests */ = {
			isa = PBXGroup;
			children = (
				D388F717494283C5F186ADA7 /* FiestonVirtualTests.swift */,
			);
			path = FiestonVirtualTests;
			sourceTree = "<group>";
		};
		49DC51EDA291988DC4EF8BE3 = {
			isa = PBXGroup;
			children = (
				BBED0B10A46C41FE7342DB58 /* Products */,
				9E1F99DB9510C0DA06F9F4A7 /* Project */,
			);
			sourceTree = "<group>";
		};
		507B568837BE3153D022B8B4 /* FiestonVirtual */ = {
			isa = PBXGroup;
			children = (
				E16DD138A9A43BCFEE6170E5 /* Configs */,
				5D717D35445DEC683C8A9DA3 /* Resources */,
				E81FC86620856205176C7045 /* Info.plist */,
			);
			path = FiestonVirtual;
			sourceTree = "<group>";
		};
		5D717D35445DEC683C8A9DA3 /* Resources */ = {
			isa = PBXGroup;
			children = (
				E693494FC43A74A52B6B715B /* Preview Content */,
				F72426F5EC9C6956B9AA973D /* Assets.xcassets */,
			);
			path = Resources;
			sourceTree = "<group>";
		};
		9E1F99DB9510C0DA06F9F4A7 /* Project */ = {
			isa = PBXGroup;
			children = (
				0CACA12FED2CC3FCDB9E1319 /* Derived */,
				507B568837BE3153D022B8B4 /* FiestonVirtual */,
				254B7AF5D429806787CEE0C4 /* FiestonVirtualTests */,
				CA94200D480B1E2529B069C7 /* FiestonVirtualUITests */,
			);
			name = Project;
			sourceTree = "<group>";
		};
		B274DF3B772DDAD59635D841 /* InfoPlists */ = {
			isa = PBXGroup;
			children = (
				557E7D08ADD6F7F25954066C /* FiestonVirtualTests-Info.plist */,
				4C6A9B9FE4B04D7561BAF288 /* FiestonVirtualUITests-Info.plist */,
			);
			path = InfoPlists;
			sourceTree = "<group>";
		};
		BBED0B10A46C41FE7342DB58 /* Products */ = {
			isa = PBXGroup;
			children = (
				2B9A835A50B482FCD5626953 /* FiestonVirtual.app */,
				CB8807EA04BC128C34E91320 /* FiestonVirtualTests.xctest */,
				0BF60344AA0FF23E0E7F1A7C /* FiestonVirtualUITests.xctest */,
			);
			name = Products;
			sourceTree = "<group>";
		};
		CA94200D480B1E2529B069C7 /* FiestonVirtualUITests */ = {
			isa = PBXGroup;
			children = (
				0670298D49994D77EE06429A /* FiestonVirtualUITests.swift */,
			);
			path = FiestonVirtualUITests;
			sourceTree = "<group>";
		};
		E16DD138A9A43BCFEE6170E5 /* Configs */ = {
			isa = PBXGroup;
			children = (
				C387A2095518D24F22409F15 /* FiestonVirtual.entitlements */,
			);
			path = Configs;
			sourceTree = "<group>";
		};
		E693494FC43A74A52B6B715B /* Preview Content */ = {
			isa = PBXGroup;
			children = (
				8FB49DBED344CF960083C629 /* Preview Assets.xcassets */,
			);
			path = "Preview Content";
			sourceTree = "<group>";
		};
/* End PBXGroup section */

/* Begin PBXNativeTarget section */
		766547324B3DBF08F4D9D17F /* FiestonVirtual */ = {
			isa = PBXNativeTarget;
			buildConfigurationList = 8CA5647B8ED8B2060461FE63 /* Build configuration list for PBXNativeTarget "FiestonVirtual" */;
			buildPhases = (
				9E929F5A8431FE7712031091 /* Sources */,
				41537B724FF62549FEDE79C2 /* Resources */,
				69CEBFE0FEB84CEA25ADE9C9 /* Frameworks */,
				5B7C45E5065AA6BAFB2E8751 /* Embed Frameworks */,
			);
			buildRules = (
			);
			dependencies = (
			);
			name = FiestonVirtual;
			packageProductDependencies = (
			);
			productName = FiestonVirtual;
			productReference = 2B9A835A50B482FCD5626953 /* FiestonVirtual.app */;
			productType = "com.apple.product-type.application";
		};
		B4092E485D6776FDF9101D27 /* FiestonVirtualUITests */ = {
			isa = PBXNativeTarget;
			buildConfigurationList = 47D76AA86E4F584D1A405980 /* Build configuration list for PBXNativeTarget "FiestonVirtualUITests" */;
			buildPhases = (
				AF0D297308658A222453BE88 /* Sources */,
				0892171A3EA431B0B73A16F3 /* Resources */,
				BE986F141F5BC5E2A1F3816A /* Frameworks */,
				345277F2E8BCE3BC6B9A435E /* Embed Frameworks */,
			);
			buildRules = (
			);
			dependencies = (
			);
			name = FiestonVirtualUITests;
			packageProductDependencies = (
			);
			productName = FiestonVirtualUITests;
			productReference = 0BF60344AA0FF23E0E7F1A7C /* FiestonVirtualUITests.xctest */;
			productType = "com.apple.product-type.bundle.ui-testing";
		};
		DFCE98678FE1DD4BA93E3C0E /* FiestonVirtualTests */ = {
			isa = PBXNativeTarget;
			buildConfigurationList = BDD352415BC4038986A1ED4E /* Build configuration list for PBXNativeTarget "FiestonVirtualTests" */;
			buildPhases = (
				5F80AD6A52A0BDEFAB3D6072 /* Sources */,
				E6D12C4C06962E1331851177 /* Resources */,
				29BFD041A891F4DAC4542E4D /* Frameworks */,
				630AF14198742CA2BB6D48AC /* Embed Frameworks */,
			);
			buildRules = (
			);
			dependencies = (
			);
			name = FiestonVirtualTests;
			packageProductDependencies = (
			);
			productName = FiestonVirtualTests;
			productReference = CB8807EA04BC128C34E91320 /* FiestonVirtualTests.xctest */;
			productType = "com.apple.product-type.bundle.unit-test";
		};
/* End PBXNativeTarget section */

/* Begin PBXProject section */
		0153F382D6AE8A0B29B6DB62 /* Project object */ = {
			isa = PBXProject;
			attributes = {
				BuildIndependentTargetsInParallel = YES;
				TargetAttributes = {
				};
			};
			buildConfigurationList = 256FC4E58D1F38F73392882F /* Build configuration list for PBXProject "FiestonVirtual" */;
			compatibilityVersion = "Xcode 14.0";
			developmentRegion = en;
			hasScannedForEncodings = 0;
			knownRegions = (
				Base,
				en,
			);
			mainGroup = 49DC51EDA291988DC4EF8BE3;
			productRefGroup = BBED0B10A46C41FE7342DB58 /* Products */;
			projectDirPath = "";
			projectRoot = "";
			targets = (
				766547324B3DBF08F4D9D17F /* FiestonVirtual */,
				DFCE98678FE1DD4BA93E3C0E /* FiestonVirtualTests */,
				B4092E485D6776FDF9101D27 /* FiestonVirtualUITests */,
			);
		};
/* End PBXProject section */

/* Begin PBXResourcesBuildPhase section */
		0892171A3EA431B0B73A16F3 /* Resources */ = {
			isa = PBXResourcesBuildPhase;
			buildActionMask = 2147483647;
			files = (
			);
			runOnlyForDeploymentPostprocessing = 0;
		};
		41537B724FF62549FEDE79C2 /* Resources */ = {
			isa = PBXResourcesBuildPhase;
			buildActionMask = 2147483647;
			files = (
				962CA892FCCBB62C93AC97BC /* Assets.xcassets in Resources */,
				1880E9A4D5ABEAB3E5E7CDB5 /* Preview Assets.xcassets in Resources */,
			);
			runOnlyForDeploymentPostprocessing = 0;
		};
		E6D12C4C06962E1331851177 /* Resources */ = {
			isa = PBXResourcesBuildPhase;
			buildActionMask = 2147483647;
			files = (
			);
			runOnlyForDeploymentPostprocessing = 0;
		};
/* End PBXResourcesBuildPhase section */

/* Begin PBXSourcesBuildPhase section */
		5F80AD6A52A0BDEFAB3D6072 /* Sources */ = {
			isa = PBXSourcesBuildPhase;
			buildActionMask = 2147483647;
			files = (
				E46DEF441B94572BC2BA790F /* FiestonVirtualTests.swift in Sources */,
			);
			runOnlyForDeploymentPostprocessing = 0;
		};
		9E929F5A8431FE7712031091 /* Sources */ = {
			isa = PBXSourcesBuildPhase;
			buildActionMask = 2147483647;
			files = (
				FCD41F0E7B4E79EADB7C6228 /* TuistAssets+FiestonVirtual.swift in Sources */,
				42E99D2DD6F521415FD2F599 /* TuistBundle+FiestonVirtual.swift in Sources */,
			);
			runOnlyForDeploymentPostprocessing = 0;
		};
		AF0D297308658A222453BE88 /* Sources */ = {
			isa = PBXSourcesBuildPhase;
			buildActionMask = 2147483647;
			files = (
				E68F9FFA80E559C2202C2A65 /* FiestonVirtualUITests.swift in Sources */,
			);
			runOnlyForDeploymentPostprocessing = 0;
		};
/* End PBXSourcesBuildPhase section */

/* Begin XCBuildConfiguration section */
		3F1341B8853206C4F3A3233D /* Release */ = {
			isa = XCBuildConfiguration;
			buildSettings = {
				CODE_SIGN_IDENTITY = "iPhone Developer";
				INFOPLIST_FILE = "Derived/InfoPlists/FiestonVirtualUITests-Info.plist";
				IPHONEOS_DEPLOYMENT_TARGET = 13.5;
				LD_RUNPATH_SEARCH_PATHS = (
					"$(inherited)",
					"@executable_path/Frameworks",
					"@loader_path/Frameworks",
				);
				OTHER_LDFLAGS = (
					"$(inherited)",
					"-L$(DT_TOOLCHAIN_DIR)/usr/lib/swift/$(PLATFORM_NAME)",
				);
				PRODUCT_BUNDLE_IDENTIFIER = com.arpanet.fiestonvirtualUITests;
				PRODUCT_NAME = FiestonVirtualUITests;
				SDKROOT = iphoneos;
				SUPPORTS_MACCATALYST = NO;
				SUPPORTS_MAC_DESIGNED_FOR_IPHONE_IPAD = YES;
				SUPPORTS_XR_DESIGNED_FOR_IPHONE_IPAD = NO;
				SWIFT_COMPILATION_MODE = wholemodule;
				SWIFT_OPTIMIZATION_LEVEL = "-O";
				SWIFT_VERSION = 5;
				TARGETED_DEVICE_FAMILY = "1,2";
			};
			name = Release;
		};
		80FF1FAA0EBE58B8B8A5C3A9 /* Debug */ = {
			isa = XCBuildConfiguration;
			buildSettings = {
				CODE_SIGN_IDENTITY = "iPhone Developer";
				INFOPLIST_FILE = "Derived/InfoPlists/FiestonVirtualTests-Info.plist";
				IPHONEOS_DEPLOYMENT_TARGET = 13.7;
				LD_RUNPATH_SEARCH_PATHS = (
					"$(inherited)",
					"@executable_path/Frameworks",
					"@loader_path/Frameworks",
				);
				OTHER_LDFLAGS = (
					"$(inherited)",
					"-L$(DT_TOOLCHAIN_DIR)/usr/lib/swift/$(PLATFORM_NAME)",
				);
				PRODUCT_BUNDLE_IDENTIFIER = com.arpanet.fiestonvirtualTests;
				PRODUCT_NAME = FiestonVirtualTests;
				SDKROOT = iphoneos;
				SUPPORTS_MACCATALYST = NO;
				SUPPORTS_MAC_DESIGNED_FOR_IPHONE_IPAD = YES;
				SUPPORTS_XR_DESIGNED_FOR_IPHONE_IPAD = NO;
				SWIFT_ACTIVE_COMPILATION_CONDITIONS = (
					"$(inherited)",
					DEBUG,
				);
				SWIFT_COMPILATION_MODE = singlefile;
				SWIFT_OPTIMIZATION_LEVEL = "-Onone";
				SWIFT_VERSION = 5;
				TARGETED_DEVICE_FAMILY = "1,2";
			};
			name = Debug;
		};
		93A52B6108A8AA52EF3F3816 /* Debug */ = {
			isa = XCBuildConfiguration;
			buildSettings = {
				ALWAYS_SEARCH_USER_PATHS = NO;
				CLANG_ANALYZER_LOCALIZABILITY_NONLOCALIZED = YES;
				CLANG_ANALYZER_NONNULL = YES;
				CLANG_ANALYZER_NUMBER_OBJECT_CONVERSION = YES_AGGRESSIVE;
				CLANG_CXX_LANGUAGE_STANDARD = "gnu++14";
				CLANG_CXX_LIBRARY = "libc++";
				CLANG_ENABLE_MODULES = YES;
				CLANG_ENABLE_OBJC_ARC = YES;
				CLANG_ENABLE_OBJC_WEAK = YES;
				CLANG_WARN_BLOCK_CAPTURE_AUTORELEASING = YES;
				CLANG_WARN_BOOL_CONVERSION = YES;
				CLANG_WARN_COMMA = YES;
				CLANG_WARN_CONSTANT_CONVERSION = YES;
				CLANG_WARN_DEPRECATED_OBJC_IMPLEMENTATIONS = YES;
				CLANG_WARN_DIRECT_OBJC_ISA_USAGE = YES_ERROR;
				CLANG_WARN_DOCUMENTATION_COMMENTS = YES;
				CLANG_WARN_EMPTY_BODY = YES;
				CLANG_WARN_ENUM_CONVERSION = YES;
				CLANG_WARN_INFINITE_RECURSION = YES;
				CLANG_WARN_INT_CONVERSION = YES;
				CLANG_WARN_NON_LITERAL_NULL_CONVERSION = YES;
				CLANG_WARN_OBJC_IMPLICIT_RETAIN_SELF = YES;
				CLANG_WARN_OBJC_LITERAL_CONVERSION = YES;
				CLANG_WARN_OBJC_ROOT_CLASS = YES_ERROR;
				CLANG_WARN_QUOTED_INCLUDE_IN_FRAMEWORK_HEADER = YES;
				CLANG_WARN_RANGE_LOOP_ANALYSIS = YES;
				CLANG_WARN_STRICT_PROTOTYPES = YES;
				CLANG_WARN_SUSPICIOUS_MOVE = YES;
				CLANG_WARN_UNGUARDED_AVAILABILITY = YES_AGGRESSIVE;
				CLANG_WARN_UNREACHABLE_CODE = YES;
				CLANG_WARN__DUPLICATE_METHOD_MATCH = YES;
				COPY_PHASE_STRIP = NO;
				DEAD_CODE_STRIPPING = YES;
				DEBUG_INFORMATION_FORMAT = dwarf;
				ENABLE_STRICT_OBJC_MSGSEND = YES;
				ENABLE_TESTABILITY = YES;
				GCC_C_LANGUAGE_STANDARD = gnu11;
				GCC_DYNAMIC_NO_PIC = NO;
				GCC_NO_COMMON_BLOCKS = YES;
				GCC_OPTIMIZATION_LEVEL = 0;
				GCC_PREPROCESSOR_DEFINITIONS = (
					"DEBUG=1",
					"$(inherited)",
				);
				GCC_WARN_64_TO_32_BIT_CONVERSION = YES;
				GCC_WARN_ABOUT_RETURN_TYPE = YES_ERROR;
				GCC_WARN_UNDECLARED_SELECTOR = YES;
				GCC_WARN_UNINITIALIZED_AUTOS = YES_AGGRESSIVE;
				GCC_WARN_UNUSED_FUNCTION = YES;
				GCC_WARN_UNUSED_VARIABLE = YES;
				MTL_ENABLE_DEBUG_INFO = YES;
				ONLY_ACTIVE_ARCH = YES;
				PRODUCT_NAME = "$(TARGET_NAME)";
			};
			name = Debug;
		};
		B7E03B5700B38B23ED258337 /* Debug */ = {
			isa = XCBuildConfiguration;
			buildSettings = {
				ASSETCATALOG_COMPILER_APPICON_NAME = AppIcon;
				ASSETCATALOG_COMPILER_GLOBAL_ACCENT_COLOR_NAME = AccentColor;
				CODE_SIGN_ENTITLEMENTS = FiestonVirtual/Configs/FiestonVirtual.entitlements;
				CODE_SIGN_IDENTITY = "iPhone Developer";
				ENABLE_PREVIEWS = YES;
				INFOPLIST_FILE = FiestonVirtual/Info.plist;
				IPHONEOS_DEPLOYMENT_TARGET = 15.0;
				LD_RUNPATH_SEARCH_PATHS = (
					"$(inherited)",
					"@executable_path/Frameworks",
				);
				OTHER_LDFLAGS = (
					"$(inherited)",
					"-L$(DT_TOOLCHAIN_DIR)/usr/lib/swift/$(PLATFORM_NAME)",
				);
				PRODUCT_BUNDLE_IDENTIFIER = com.arpanet.fiestonvirtual;
				PRODUCT_NAME = FiestonVirtual;
				SDKROOT = iphoneos;
				SUPPORTS_MACCATALYST = NO;
				SUPPORTS_MAC_DESIGNED_FOR_IPHONE_IPAD = YES;
				SUPPORTS_XR_DESIGNED_FOR_IPHONE_IPAD = NO;
				SWIFT_ACTIVE_COMPILATION_CONDITIONS = (
					"$(inherited)",
					DEBUG,
				);
				SWIFT_COMPILATION_MODE = singlefile;
				SWIFT_OPTIMIZATION_LEVEL = "-Onone";
				SWIFT_VERSION = 5;
				TARGETED_DEVICE_FAMILY = "1,2";
			};
			name = Debug;
		};
		BF940BFCA520B8753685416A /* Release */ = {
			isa = XCBuildConfiguration;
			buildSettings = {
				CODE_SIGN_IDENTITY = "iPhone Developer";
				INFOPLIST_FILE = "Derived/InfoPlists/FiestonVirtualTests-Info.plist";
				IPHONEOS_DEPLOYMENT_TARGET = 13.7;
				LD_RUNPATH_SEARCH_PATHS = (
					"$(inherited)",
					"@executable_path/Frameworks",
					"@loader_path/Frameworks",
				);
				OTHER_LDFLAGS = (
					"$(inherited)",
					"-L$(DT_TOOLCHAIN_DIR)/usr/lib/swift/$(PLATFORM_NAME)",
				);
				PRODUCT_BUNDLE_IDENTIFIER = com.arpanet.fiestonvirtualTests;
				PRODUCT_NAME = FiestonVirtualTests;
				SDKROOT = iphoneos;
				SUPPORTS_MACCATALYST = NO;
				SUPPORTS_MAC_DESIGNED_FOR_IPHONE_IPAD = YES;
				SUPPORTS_XR_DESIGNED_FOR_IPHONE_IPAD = NO;
				SWIFT_COMPILATION_MODE = wholemodule;
				SWIFT_OPTIMIZATION_LEVEL = "-O";
				SWIFT_VERSION = 5;
				TARGETED_DEVICE_FAMILY = "1,2";
			};
			name = Release;
		};
		D30A806E9862D36195353229 /* Release */ = {
			isa = XCBuildConfiguration;
			buildSettings = {
				ASSETCATALOG_COMPILER_APPICON_NAME = AppIcon;
				ASSETCATALOG_COMPILER_GLOBAL_ACCENT_COLOR_NAME = AccentColor;
				CODE_SIGN_ENTITLEMENTS = FiestonVirtual/Configs/FiestonVirtual.entitlements;
				CODE_SIGN_IDENTITY = "iPhone Developer";
				ENABLE_PREVIEWS = YES;
				INFOPLIST_FILE = FiestonVirtual/Info.plist;
				IPHONEOS_DEPLOYMENT_TARGET = 15.0;
				LD_RUNPATH_SEARCH_PATHS = (
					"$(inherited)",
					"@executable_path/Frameworks",
				);
				OTHER_LDFLAGS = (
					"$(inherited)",
					"-L$(DT_TOOLCHAIN_DIR)/usr/lib/swift/$(PLATFORM_NAME)",
				);
				PRODUCT_BUNDLE_IDENTIFIER = com.arpanet.fiestonvirtual;
				PRODUCT_NAME = FiestonVirtual;
				SDKROOT = iphoneos;
				SUPPORTS_MACCATALYST = NO;
				SUPPORTS_MAC_DESIGNED_FOR_IPHONE_IPAD = YES;
				SUPPORTS_XR_DESIGNED_FOR_IPHONE_IPAD = NO;
				SWIFT_COMPILATION_MODE = wholemodule;
				SWIFT_OPTIMIZATION_LEVEL = "-O";
				SWIFT_VERSION = 5;
				TARGETED_DEVICE_FAMILY = "1,2";
			};
			name = Release;
		};
		D6C2F21E491FA7FC3C52D348 /* Release */ = {
			isa = XCBuildConfiguration;
			buildSettings = {
				ALWAYS_SEARCH_USER_PATHS = NO;
				CLANG_ANALYZER_LOCALIZABILITY_NONLOCALIZED = YES;
				CLANG_ANALYZER_NONNULL = YES;
				CLANG_ANALYZER_NUMBER_OBJECT_CONVERSION = YES_AGGRESSIVE;
				CLANG_CXX_LANGUAGE_STANDARD = "gnu++14";
				CLANG_CXX_LIBRARY = "libc++";
				CLANG_ENABLE_MODULES = YES;
				CLANG_ENABLE_OBJC_ARC = YES;
				CLANG_ENABLE_OBJC_WEAK = YES;
				CLANG_WARN_BLOCK_CAPTURE_AUTORELEASING = YES;
				CLANG_WARN_BOOL_CONVERSION = YES;
				CLANG_WARN_COMMA = YES;
				CLANG_WARN_CONSTANT_CONVERSION = YES;
				CLANG_WARN_DEPRECATED_OBJC_IMPLEMENTATIONS = YES;
				CLANG_WARN_DIRECT_OBJC_ISA_USAGE = YES_ERROR;
				CLANG_WARN_DOCUMENTATION_COMMENTS = YES;
				CLANG_WARN_EMPTY_BODY = YES;
				CLANG_WARN_ENUM_CONVERSION = YES;
				CLANG_WARN_INFINITE_RECURSION = YES;
				CLANG_WARN_INT_CONVERSION = YES;
				CLANG_WARN_NON_LITERAL_NULL_CONVERSION = YES;
				CLANG_WARN_OBJC_IMPLICIT_RETAIN_SELF = YES;
				CLANG_WARN_OBJC_LITERAL_CONVERSION = YES;
				CLANG_WARN_OBJC_ROOT_CLASS = YES_ERROR;
				CLANG_WARN_QUOTED_INCLUDE_IN_FRAMEWORK_HEADER = YES;
				CLANG_WARN_RANGE_LOOP_ANALYSIS = YES;
				CLANG_WARN_STRICT_PROTOTYPES = YES;
				CLANG_WARN_SUSPICIOUS_MOVE = YES;
				CLANG_WARN_UNGUARDED_AVAILABILITY = YES_AGGRESSIVE;
				CLANG_WARN_UNREACHABLE_CODE = YES;
				CLANG_WARN__DUPLICATE_METHOD_MATCH = YES;
				COPY_PHASE_STRIP = NO;
				DEAD_CODE_STRIPPING = YES;
				DEBUG_INFORMATION_FORMAT = "dwarf-with-dsym";
				ENABLE_NS_ASSERTIONS = NO;
				ENABLE_STRICT_OBJC_MSGSEND = YES;
				GCC_C_LANGUAGE_STANDARD = gnu11;
				GCC_NO_COMMON_BLOCKS = YES;
				GCC_WARN_64_TO_32_BIT_CONVERSION = YES;
				GCC_WARN_ABOUT_RETURN_TYPE = YES_ERROR;
				GCC_WARN_UNDECLARED_SELECTOR = YES;
				GCC_WARN_UNINITIALIZED_AUTOS = YES_AGGRESSIVE;
				GCC_WARN_UNUSED_FUNCTION = YES;
				GCC_WARN_UNUSED_VARIABLE = YES;
				MTL_ENABLE_DEBUG_INFO = NO;
				PRODUCT_NAME = "$(TARGET_NAME)";
				VALIDATE_PRODUCT = YES;
			};
			name = Release;
		};
		F895156ECA77C6BC7CE5D8FF /* Debug */ = {
			isa = XCBuildConfiguration;
			buildSettings = {
				CODE_SIGN_IDENTITY = "iPhone Developer";
				INFOPLIST_FILE = "Derived/InfoPlists/FiestonVirtualUITests-Info.plist";
				IPHONEOS_DEPLOYMENT_TARGET = 13.5;
				LD_RUNPATH_SEARCH_PATHS = (
					"$(inherited)",
					"@executable_path/Frameworks",
					"@loader_path/Frameworks",
				);
				OTHER_LDFLAGS = (
					"$(inherited)",
					"-L$(DT_TOOLCHAIN_DIR)/usr/lib/swift/$(PLATFORM_NAME)",
				);
				PRODUCT_BUNDLE_IDENTIFIER = com.arpanet.fiestonvirtualUITests;
				PRODUCT_NAME = FiestonVirtualUITests;
				SDKROOT = iphoneos;
				SUPPORTS_MACCATALYST = NO;
				SUPPORTS_MAC_DESIGNED_FOR_IPHONE_IPAD = YES;
				SUPPORTS_XR_DESIGNED_FOR_IPHONE_IPAD = NO;
				SWIFT_ACTIVE_COMPILATION_CONDITIONS = (
					"$(inherited)",
					DEBUG,
				);
				SWIFT_COMPILATION_MODE = singlefile;
				SWIFT_OPTIMIZATION_LEVEL = "-Onone";
				SWIFT_VERSION = 5;
				TARGETED_DEVICE_FAMILY = "1,2";
			};
			name = Debug;
		};
/* End XCBuildConfiguration section */

/* Begin XCConfigurationList section */
		256FC4E58D1F38F73392882F /* Build configuration list for PBXProject "FiestonVirtual" */ = {
			isa = XCConfigurationList;
			buildConfigurations = (
				93A52B6108A8AA52EF3F3816 /* Debug */,
				D6C2F21E491FA7FC3C52D348 /* Release */,
			);
			defaultConfigurationIsVisible = 0;
			defaultConfigurationName = Release;
		};
		47D76AA86E4F584D1A405980 /* Build configuration list for PBXNativeTarget "FiestonVirtualUITests" */ = {
			isa = XCConfigurationList;
			buildConfigurations = (
				F895156ECA77C6BC7CE5D8FF /* Debug */,
				3F1341B8853206C4F3A3233D /* Release */,
			);
			defaultConfigurationIsVisible = 0;
			defaultConfigurationName = Release;
		};
		8CA5647B8ED8B2060461FE63 /* Build configuration list for PBXNativeTarget "FiestonVirtual" */ = {
			isa = XCConfigurationList;
			buildConfigurations = (
				B7E03B5700B38B23ED258337 /* Debug */,
				D30A806E9862D36195353229 /* Release */,
			);
			defaultConfigurationIsVisible = 0;
			defaultConfigurationName = Release;
		};
		BDD352415BC4038986A1ED4E /* Build configuration list for PBXNativeTarget "FiestonVirtualTests" */ = {
			isa = XCConfigurationList;
			buildConfigurations = (
				80FF1FAA0EBE58B8B8A5C3A9 /* Debug */,
				BF940BFCA520B8753685416A /* Release */,
			);
			defaultConfigurationIsVisible = 0;
			defaultConfigurationName = Release;
		};
/* End XCConfigurationList section */
	};
	rootObject = 0153F382D6AE8A0B29B6DB62 /* Project object */;
}
